// !$*UTF8*$!
{
	archiveVersion = 1;
	classes = {
	};
	objectVersion = 46;
	objects = {

/* Begin PBXBuildFile section */
		BF9134DC1E9CE8D4001F8A44 /* MetalScopeViewerProfile.framework in Frameworks */ = {isa = PBXBuildFile; fileRef = BF9134D21E9CE8D4001F8A44 /* MetalScopeViewerProfile.framework */; };
		BF9134E31E9CE8D4001F8A44 /* MetalScopeViewerProfile.h in Headers */ = {isa = PBXBuildFile; fileRef = BF9134D51E9CE8D4001F8A44 /* MetalScopeViewerProfile.h */; settings = {ATTRIBUTES = (Public, ); }; };
		BF9134F01E9CE97E001F8A44 /* URLResolver.swift in Sources */ = {isa = PBXBuildFile; fileRef = BF9134EF1E9CE97E001F8A44 /* URLResolver.swift */; };
		BF9134F41E9CE9CB001F8A44 /* DeviceParams.pb.swift in Sources */ = {isa = PBXBuildFile; fileRef = BF9134F21E9CE9CB001F8A44 /* DeviceParams.pb.swift */; };
		BF9134F71E9CE9DD001F8A44 /* ViewerProfile.swift in Sources */ = {isa = PBXBuildFile; fileRef = BF9134F61E9CE9DD001F8A44 /* ViewerProfile.swift */; };
		BF9135051E9CF644001F8A44 /* ViewerProfileTests.swift in Sources */ = {isa = PBXBuildFile; fileRef = BF9135021E9CF376001F8A44 /* ViewerProfileTests.swift */; };
		BF91352C1E9CF88A001F8A44 /* MetalScope.framework in Frameworks */ = {isa = PBXBuildFile; fileRef = BF9135131E9CF875001F8A44 /* MetalScope.framework */; };
		BF91352D1E9CF88A001F8A44 /* SwiftProtobuf.framework in Frameworks */ = {isa = PBXBuildFile; fileRef = BF9135231E9CF87C001F8A44 /* SwiftProtobuf.framework */; };
		BF9135301E9CF92D001F8A44 /* MetalScopeViewerProfile.framework in Copy Frameworks */ = {isa = PBXBuildFile; fileRef = BF9134D21E9CE8D4001F8A44 /* MetalScopeViewerProfile.framework */; settings = {ATTRIBUTES = (CodeSignOnCopy, RemoveHeadersOnCopy, ); }; };
		BF9135311E9CF92D001F8A44 /* MetalScope.framework in Copy Frameworks */ = {isa = PBXBuildFile; fileRef = BF9135131E9CF875001F8A44 /* MetalScope.framework */; settings = {ATTRIBUTES = (CodeSignOnCopy, RemoveHeadersOnCopy, ); }; };
		BF9135321E9CF92D001F8A44 /* SwiftProtobuf.framework in Copy Frameworks */ = {isa = PBXBuildFile; fileRef = BF9135231E9CF87C001F8A44 /* SwiftProtobuf.framework */; settings = {ATTRIBUTES = (CodeSignOnCopy, RemoveHeadersOnCopy, ); }; };
		BF9135341E9CFDE7001F8A44 /* URLResolverTests.swift in Sources */ = {isa = PBXBuildFile; fileRef = BF9135331E9CFDE7001F8A44 /* URLResolverTests.swift */; };
/* End PBXBuildFile section */

/* Begin PBXContainerItemProxy section */
		BF9134DD1E9CE8D4001F8A44 /* PBXContainerItemProxy */ = {
			isa = PBXContainerItemProxy;
			containerPortal = BF9134C91E9CE8D4001F8A44 /* Project object */;
			proxyType = 1;
			remoteGlobalIDString = BF9134D11E9CE8D4001F8A44;
			remoteInfo = MetalScopeViewerProfile;
		};
		BF9135121E9CF875001F8A44 /* PBXContainerItemProxy */ = {
			isa = PBXContainerItemProxy;
			containerPortal = BF91350E1E9CF874001F8A44 /* MetalScope.xcodeproj */;
			proxyType = 2;
			remoteGlobalIDString = BFB891781E2E013400FA9129;
			remoteInfo = MetalScope;
		};
		BF91351E1E9CF87C001F8A44 /* PBXContainerItemProxy */ = {
			isa = PBXContainerItemProxy;
			containerPortal = BF9135141E9CF87C001F8A44 /* SwiftProtobuf.xcodeproj */;
			proxyType = 2;
			remoteGlobalIDString = "_____Product_Protobuf_macOS";
			remoteInfo = SwiftProtobuf_macOS;
		};
		BF9135201E9CF87C001F8A44 /* PBXContainerItemProxy */ = {
			isa = PBXContainerItemProxy;
			containerPortal = BF9135141E9CF87C001F8A44 /* SwiftProtobuf.xcodeproj */;
			proxyType = 2;
			remoteGlobalIDString = "_____Product_ProtobufTestSuite_macOS";
			remoteInfo = SwiftProtobufTestSuite_macOS;
		};
		BF9135221E9CF87C001F8A44 /* PBXContainerItemProxy */ = {
			isa = PBXContainerItemProxy;
			containerPortal = BF9135141E9CF87C001F8A44 /* SwiftProtobuf.xcodeproj */;
			proxyType = 2;
			remoteGlobalIDString = "_____Product_Protobuf_iOS";
			remoteInfo = SwiftProtobuf_iOS;
		};
		BF9135241E9CF87C001F8A44 /* PBXContainerItemProxy */ = {
			isa = PBXContainerItemProxy;
			containerPortal = BF9135141E9CF87C001F8A44 /* SwiftProtobuf.xcodeproj */;
			proxyType = 2;
			remoteGlobalIDString = "_____Product_ProtobufTestSuite_iOS";
			remoteInfo = SwiftProtobufTestSuite_iOS;
		};
		BF9135261E9CF87C001F8A44 /* PBXContainerItemProxy */ = {
			isa = PBXContainerItemProxy;
			containerPortal = BF9135141E9CF87C001F8A44 /* SwiftProtobuf.xcodeproj */;
			proxyType = 2;
			remoteGlobalIDString = F44F936F1DAEA53900BC5B85;
			remoteInfo = SwiftProtobuf_tvOS;
		};
		BF9135281E9CF87C001F8A44 /* PBXContainerItemProxy */ = {
			isa = PBXContainerItemProxy;
			containerPortal = BF9135141E9CF87C001F8A44 /* SwiftProtobuf.xcodeproj */;
			proxyType = 2;
			remoteGlobalIDString = F44F939F1DAEA7C500BC5B85;
			remoteInfo = SwiftProtobufTestSuite_tvOS;
		};
		BF91352A1E9CF87C001F8A44 /* PBXContainerItemProxy */ = {
			isa = PBXContainerItemProxy;
			containerPortal = BF9135141E9CF87C001F8A44 /* SwiftProtobuf.xcodeproj */;
			proxyType = 2;
			remoteGlobalIDString = F44F93FE1DAEB13F00BC5B85;
			remoteInfo = SwiftProtobuf_watchOS;
		};
/* End PBXContainerItemProxy section */

/* Begin PBXCopyFilesBuildPhase section */
		BF91352F1E9CF91E001F8A44 /* Copy Frameworks */ = {
			isa = PBXCopyFilesBuildPhase;
			buildActionMask = 2147483647;
			dstPath = "";
			dstSubfolderSpec = 10;
			files = (
				BF9135301E9CF92D001F8A44 /* MetalScopeViewerProfile.framework in Copy Frameworks */,
				BF9135311E9CF92D001F8A44 /* MetalScope.framework in Copy Frameworks */,
				BF9135321E9CF92D001F8A44 /* SwiftProtobuf.framework in Copy Frameworks */,
			);
			name = "Copy Frameworks";
			runOnlyForDeploymentPostprocessing = 0;
		};
/* End PBXCopyFilesBuildPhase section */

/* Begin PBXFileReference section */
		BF9134D21E9CE8D4001F8A44 /* MetalScopeViewerProfile.framework */ = {isa = PBXFileReference; explicitFileType = wrapper.framework; includeInIndex = 0; path = MetalScopeViewerProfile.framework; sourceTree = BUILT_PRODUCTS_DIR; };
		BF9134D51E9CE8D4001F8A44 /* MetalScopeViewerProfile.h */ = {isa = PBXFileReference; lastKnownFileType = sourcecode.c.h; path = MetalScopeViewerProfile.h; sourceTree = "<group>"; };
		BF9134D61E9CE8D4001F8A44 /* Info.plist */ = {isa = PBXFileReference; lastKnownFileType = text.plist.xml; path = Info.plist; sourceTree = "<group>"; };
		BF9134DB1E9CE8D4001F8A44 /* MetalScopeViewerProfileTests.xctest */ = {isa = PBXFileReference; explicitFileType = wrapper.cfbundle; includeInIndex = 0; path = MetalScopeViewerProfileTests.xctest; sourceTree = BUILT_PRODUCTS_DIR; };
		BF9134E21E9CE8D4001F8A44 /* Info.plist */ = {isa = PBXFileReference; lastKnownFileType = text.plist.xml; path = Info.plist; sourceTree = "<group>"; };
		BF9134EF1E9CE97E001F8A44 /* URLResolver.swift */ = {isa = PBXFileReference; fileEncoding = 4; lastKnownFileType = sourcecode.swift; path = URLResolver.swift; sourceTree = "<group>"; };
		BF9134F21E9CE9CB001F8A44 /* DeviceParams.pb.swift */ = {isa = PBXFileReference; fileEncoding = 4; lastKnownFileType = sourcecode.swift; path = DeviceParams.pb.swift; sourceTree = "<group>"; };
		BF9134F31E9CE9CB001F8A44 /* DeviceParams.proto */ = {isa = PBXFileReference; fileEncoding = 4; lastKnownFileType = text; path = DeviceParams.proto; sourceTree = "<group>"; };
		BF9134F61E9CE9DD001F8A44 /* ViewerProfile.swift */ = {isa = PBXFileReference; fileEncoding = 4; lastKnownFileType = sourcecode.swift; path = ViewerProfile.swift; sourceTree = "<group>"; };
		BF9135021E9CF376001F8A44 /* ViewerProfileTests.swift */ = {isa = PBXFileReference; fileEncoding = 4; lastKnownFileType = sourcecode.swift; path = ViewerProfileTests.swift; sourceTree = "<group>"; };
		BF91350E1E9CF874001F8A44 /* MetalScope.xcodeproj */ = {isa = PBXFileReference; lastKnownFileType = "wrapper.pb-project"; name = MetalScope.xcodeproj; path = Carthage/Checkouts/MetalScope/MetalScope.xcodeproj; sourceTree = "<group>"; };
		BF9135141E9CF87C001F8A44 /* SwiftProtobuf.xcodeproj */ = {isa = PBXFileReference; lastKnownFileType = "wrapper.pb-project"; name = SwiftProtobuf.xcodeproj; path = "Carthage/Checkouts/swift-protobuf/SwiftProtobuf.xcodeproj"; sourceTree = "<group>"; };
		BF9135331E9CFDE7001F8A44 /* URLResolverTests.swift */ = {isa = PBXFileReference; fileEncoding = 4; lastKnownFileType = sourcecode.swift; path = URLResolverTests.swift; sourceTree = "<group>"; };
/* End PBXFileReference section */

/* Begin PBXFrameworksBuildPhase section */
		BF9134CE1E9CE8D4001F8A44 /* Frameworks */ = {
			isa = PBXFrameworksBuildPhase;
			buildActionMask = 2147483647;
			files = (
				BF91352C1E9CF88A001F8A44 /* MetalScope.framework in Frameworks */,
				BF91352D1E9CF88A001F8A44 /* SwiftProtobuf.framework in Frameworks */,
			);
			runOnlyForDeploymentPostprocessing = 0;
		};
		BF9134D81E9CE8D4001F8A44 /* Frameworks */ = {
			isa = PBXFrameworksBuildPhase;
			buildActionMask = 2147483647;
			files = (
				BF9134DC1E9CE8D4001F8A44 /* MetalScopeViewerProfile.framework in Frameworks */,
			);
			runOnlyForDeploymentPostprocessing = 0;
		};
/* End PBXFrameworksBuildPhase section */

/* Begin PBXGroup section */
		BF9134C81E9CE8D4001F8A44 = {
			isa = PBXGroup;
			children = (
				BF9134F11E9CE9CB001F8A44 /* Protobuf */,
				BF9134D41E9CE8D4001F8A44 /* Sources */,
				BF9134DF1E9CE8D4001F8A44 /* Tests */,
				BF9134D31E9CE8D4001F8A44 /* Products */,
				BF91350E1E9CF874001F8A44 /* MetalScope.xcodeproj */,
				BF9135141E9CF87C001F8A44 /* SwiftProtobuf.xcodeproj */,
			);
			indentWidth = 4;
			sourceTree = "<group>";
			tabWidth = 4;
			usesTabs = 0;
			wrapsLines = 1;
		};
		BF9134D31E9CE8D4001F8A44 /* Products */ = {
			isa = PBXGroup;
			children = (
				BF9134D21E9CE8D4001F8A44 /* MetalScopeViewerProfile.framework */,
				BF9134DB1E9CE8D4001F8A44 /* MetalScopeViewerProfileTests.xctest */,
			);
			name = Products;
			sourceTree = "<group>";
		};
		BF9134D41E9CE8D4001F8A44 /* Sources */ = {
			isa = PBXGroup;
			children = (
				BF9134D51E9CE8D4001F8A44 /* MetalScopeViewerProfile.h */,
				BF9134F61E9CE9DD001F8A44 /* ViewerProfile.swift */,
				BF9134EF1E9CE97E001F8A44 /* URLResolver.swift */,
				BF9134D61E9CE8D4001F8A44 /* Info.plist */,
			);
			path = Sources;
			sourceTree = "<group>";
		};
		BF9134DF1E9CE8D4001F8A44 /* Tests */ = {
			isa = PBXGroup;
			children = (
				BF9135021E9CF376001F8A44 /* ViewerProfileTests.swift */,
				BF9135331E9CFDE7001F8A44 /* URLResolverTests.swift */,
				BF9134E21E9CE8D4001F8A44 /* Info.plist */,
			);
			path = Tests;
			sourceTree = "<group>";
		};
		BF9134F11E9CE9CB001F8A44 /* Protobuf */ = {
			isa = PBXGroup;
			children = (
				BF9134F21E9CE9CB001F8A44 /* DeviceParams.pb.swift */,
				BF9134F31E9CE9CB001F8A44 /* DeviceParams.proto */,
			);
			path = Protobuf;
			sourceTree = "<group>";
		};
		BF91350F1E9CF874001F8A44 /* Products */ = {
			isa = PBXGroup;
			children = (
				BF9135131E9CF875001F8A44 /* MetalScope.framework */,
			);
			name = Products;
			sourceTree = "<group>";
		};
		BF9135151E9CF87C001F8A44 /* Products */ = {
			isa = PBXGroup;
			children = (
				BF91351F1E9CF87C001F8A44 /* SwiftProtobuf.framework */,
				BF9135211E9CF87C001F8A44 /* SwiftProtobufTests.xctest */,
				BF9135231E9CF87C001F8A44 /* SwiftProtobuf.framework */,
				BF9135251E9CF87C001F8A44 /* SwiftProtobufTests.xctest */,
				BF9135271E9CF87C001F8A44 /* SwiftProtobuf.framework */,
				BF9135291E9CF87C001F8A44 /* SwiftProtobufTests.xctest */,
				BF91352B1E9CF87C001F8A44 /* SwiftProtobuf.framework */,
			);
			name = Products;
			sourceTree = "<group>";
		};
/* End PBXGroup section */

/* Begin PBXHeadersBuildPhase section */
		BF9134CF1E9CE8D4001F8A44 /* Headers */ = {
			isa = PBXHeadersBuildPhase;
			buildActionMask = 2147483647;
			files = (
				BF9134E31E9CE8D4001F8A44 /* MetalScopeViewerProfile.h in Headers */,
			);
			runOnlyForDeploymentPostprocessing = 0;
		};
/* End PBXHeadersBuildPhase section */

/* Begin PBXNativeTarget section */
		BF9134D11E9CE8D4001F8A44 /* MetalScopeViewerProfile */ = {
			isa = PBXNativeTarget;
			buildConfigurationList = BF9134E61E9CE8D4001F8A44 /* Build configuration list for PBXNativeTarget "MetalScopeViewerProfile" */;
			buildPhases = (
				BF9134CD1E9CE8D4001F8A44 /* Sources */,
				BF9134CE1E9CE8D4001F8A44 /* Frameworks */,
				BF9134CF1E9CE8D4001F8A44 /* Headers */,
				BF91352E1E9CF8AE001F8A44 /* Resources */,
			);
			buildRules = (
			);
			dependencies = (
			);
			name = MetalScopeViewerProfile;
			productName = MetalScopeViewerProfile;
			productReference = BF9134D21E9CE8D4001F8A44 /* MetalScopeViewerProfile.framework */;
			productType = "com.apple.product-type.framework";
		};
		BF9134DA1E9CE8D4001F8A44 /* MetalScopeViewerProfileTests */ = {
			isa = PBXNativeTarget;
			buildConfigurationList = BF9134E91E9CE8D4001F8A44 /* Build configuration list for PBXNativeTarget "MetalScopeViewerProfileTests" */;
			buildPhases = (
				BF9134D71E9CE8D4001F8A44 /* Sources */,
				BF9134D81E9CE8D4001F8A44 /* Frameworks */,
				BF9134D91E9CE8D4001F8A44 /* Resources */,
				BF91352F1E9CF91E001F8A44 /* Copy Frameworks */,
			);
			buildRules = (
			);
			dependencies = (
				BF9134DE1E9CE8D4001F8A44 /* PBXTargetDependency */,
			);
			name = MetalScopeViewerProfileTests;
			productName = MetalScopeViewerProfileTests;
			productReference = BF9134DB1E9CE8D4001F8A44 /* MetalScopeViewerProfileTests.xctest */;
			productType = "com.apple.product-type.bundle.unit-test";
		};
/* End PBXNativeTarget section */

/* Begin PBXProject section */
		BF9134C91E9CE8D4001F8A44 /* Project object */ = {
			isa = PBXProject;
			attributes = {
				LastSwiftUpdateCheck = 0830;
				LastUpgradeCheck = 0830;
				ORGANIZATIONNAME = "eje Inc.";
				TargetAttributes = {
					BF9134D11E9CE8D4001F8A44 = {
						CreatedOnToolsVersion = 8.3.1;
						LastSwiftMigration = 0830;
						ProvisioningStyle = Manual;
					};
					BF9134DA1E9CE8D4001F8A44 = {
						CreatedOnToolsVersion = 8.3.1;
						ProvisioningStyle = Automatic;
					};
				};
			};
			buildConfigurationList = BF9134CC1E9CE8D4001F8A44 /* Build configuration list for PBXProject "MetalScopeViewerProfile" */;
			compatibilityVersion = "Xcode 3.2";
			developmentRegion = English;
			hasScannedForEncodings = 0;
			knownRegions = (
				en,
			);
			mainGroup = BF9134C81E9CE8D4001F8A44;
			productRefGroup = BF9134D31E9CE8D4001F8A44 /* Products */;
			projectDirPath = "";
			projectReferences = (
				{
					ProductGroup = BF91350F1E9CF874001F8A44 /* Products */;
					ProjectRef = BF91350E1E9CF874001F8A44 /* MetalScope.xcodeproj */;
				},
				{
					ProductGroup = BF9135151E9CF87C001F8A44 /* Products */;
					ProjectRef = BF9135141E9CF87C001F8A44 /* SwiftProtobuf.xcodeproj */;
				},
			);
			projectRoot = "";
			targets = (
				BF9134D11E9CE8D4001F8A44 /* MetalScopeViewerProfile */,
				BF9134DA1E9CE8D4001F8A44 /* MetalScopeViewerProfileTests */,
			);
		};
/* End PBXProject section */

/* Begin PBXReferenceProxy section */
		BF9135131E9CF875001F8A44 /* MetalScope.framework */ = {
			isa = PBXReferenceProxy;
			fileType = wrapper.framework;
			path = MetalScope.framework;
			remoteRef = BF9135121E9CF875001F8A44 /* PBXContainerItemProxy */;
			sourceTree = BUILT_PRODUCTS_DIR;
		};
		BF91351F1E9CF87C001F8A44 /* SwiftProtobuf.framework */ = {
			isa = PBXReferenceProxy;
			fileType = wrapper.framework;
			path = SwiftProtobuf.framework;
			remoteRef = BF91351E1E9CF87C001F8A44 /* PBXContainerItemProxy */;
			sourceTree = BUILT_PRODUCTS_DIR;
		};
		BF9135211E9CF87C001F8A44 /* SwiftProtobufTests.xctest */ = {
			isa = PBXReferenceProxy;
			fileType = wrapper.cfbundle;
			path = SwiftProtobufTests.xctest;
			remoteRef = BF9135201E9CF87C001F8A44 /* PBXContainerItemProxy */;
			sourceTree = BUILT_PRODUCTS_DIR;
		};
		BF9135231E9CF87C001F8A44 /* SwiftProtobuf.framework */ = {
			isa = PBXReferenceProxy;
			fileType = wrapper.framework;
			path = SwiftProtobuf.framework;
			remoteRef = BF9135221E9CF87C001F8A44 /* PBXContainerItemProxy */;
			sourceTree = BUILT_PRODUCTS_DIR;
		};
		BF9135251E9CF87C001F8A44 /* SwiftProtobufTests.xctest */ = {
			isa = PBXReferenceProxy;
			fileType = wrapper.cfbundle;
			path = SwiftProtobufTests.xctest;
			remoteRef = BF9135241E9CF87C001F8A44 /* PBXContainerItemProxy */;
			sourceTree = BUILT_PRODUCTS_DIR;
		};
		BF9135271E9CF87C001F8A44 /* SwiftProtobuf.framework */ = {
			isa = PBXReferenceProxy;
			fileType = wrapper.framework;
			path = SwiftProtobuf.framework;
			remoteRef = BF9135261E9CF87C001F8A44 /* PBXContainerItemProxy */;
			sourceTree = BUILT_PRODUCTS_DIR;
		};
		BF9135291E9CF87C001F8A44 /* SwiftProtobufTests.xctest */ = {
			isa = PBXReferenceProxy;
			fileType = wrapper.cfbundle;
			path = SwiftProtobufTests.xctest;
			remoteRef = BF9135281E9CF87C001F8A44 /* PBXContainerItemProxy */;
			sourceTree = BUILT_PRODUCTS_DIR;
		};
		BF91352B1E9CF87C001F8A44 /* SwiftProtobuf.framework */ = {
			isa = PBXReferenceProxy;
			fileType = wrapper.framework;
			path = SwiftProtobuf.framework;
			remoteRef = BF91352A1E9CF87C001F8A44 /* PBXContainerItemProxy */;
			sourceTree = BUILT_PRODUCTS_DIR;
		};
/* End PBXReferenceProxy section */

/* Begin PBXResourcesBuildPhase section */
		BF9134D91E9CE8D4001F8A44 /* Resources */ = {
			isa = PBXResourcesBuildPhase;
			buildActionMask = 2147483647;
			files = (
			);
			runOnlyForDeploymentPostprocessing = 0;
		};
		BF91352E1E9CF8AE001F8A44 /* Resources */ = {
			isa = PBXResourcesBuildPhase;
			buildActionMask = 2147483647;
			files = (
			);
			runOnlyForDeploymentPostprocessing = 0;
		};
/* End PBXResourcesBuildPhase section */

/* Begin PBXSourcesBuildPhase section */
		BF9134CD1E9CE8D4001F8A44 /* Sources */ = {
			isa = PBXSourcesBuildPhase;
			buildActionMask = 2147483647;
			files = (
				BF9134F41E9CE9CB001F8A44 /* DeviceParams.pb.swift in Sources */,
				BF9134F01E9CE97E001F8A44 /* URLResolver.swift in Sources */,
				BF9134F71E9CE9DD001F8A44 /* ViewerProfile.swift in Sources */,
			);
			runOnlyForDeploymentPostprocessing = 0;
		};
		BF9134D71E9CE8D4001F8A44 /* Sources */ = {
			isa = PBXSourcesBuildPhase;
			buildActionMask = 2147483647;
			files = (
				BF9135051E9CF644001F8A44 /* ViewerProfileTests.swift in Sources */,
				BF9135341E9CFDE7001F8A44 /* URLResolverTests.swift in Sources */,
			);
			runOnlyForDeploymentPostprocessing = 0;
		};
/* End PBXSourcesBuildPhase section */

/* Begin PBXTargetDependency section */
		BF9134DE1E9CE8D4001F8A44 /* PBXTargetDependency */ = {
			isa = PBXTargetDependency;
			target = BF9134D11E9CE8D4001F8A44 /* MetalScopeViewerProfile */;
			targetProxy = BF9134DD1E9CE8D4001F8A44 /* PBXContainerItemProxy */;
		};
/* End PBXTargetDependency section */

/* Begin XCBuildConfiguration section */
		BF9134E41E9CE8D4001F8A44 /* Debug */ = {
			isa = XCBuildConfiguration;
			buildSettings = {
				ALWAYS_SEARCH_USER_PATHS = NO;
				CLANG_ANALYZER_NONNULL = YES;
				CLANG_ANALYZER_NUMBER_OBJECT_CONVERSION = YES_AGGRESSIVE;
				CLANG_CXX_LANGUAGE_STANDARD = "gnu++0x";
				CLANG_CXX_LIBRARY = "libc++";
				CLANG_ENABLE_MODULES = YES;
				CLANG_ENABLE_OBJC_ARC = YES;
				CLANG_WARN_BOOL_CONVERSION = YES;
				CLANG_WARN_CONSTANT_CONVERSION = YES;
				CLANG_WARN_DIRECT_OBJC_ISA_USAGE = YES_ERROR;
				CLANG_WARN_DOCUMENTATION_COMMENTS = YES;
				CLANG_WARN_EMPTY_BODY = YES;
				CLANG_WARN_ENUM_CONVERSION = YES;
				CLANG_WARN_INFINITE_RECURSION = YES;
				CLANG_WARN_INT_CONVERSION = YES;
				CLANG_WARN_OBJC_ROOT_CLASS = YES_ERROR;
				CLANG_WARN_SUSPICIOUS_MOVE = YES;
				CLANG_WARN_UNREACHABLE_CODE = YES;
				CLANG_WARN__DUPLICATE_METHOD_MATCH = YES;
				"CODE_SIGN_IDENTITY[sdk=iphoneos*]" = "iPhone Developer";
				COPY_PHASE_STRIP = NO;
				CURRENT_PROJECT_VERSION = 1;
				DEBUG_INFORMATION_FORMAT = dwarf;
				ENABLE_STRICT_OBJC_MSGSEND = YES;
				ENABLE_TESTABILITY = YES;
				GCC_C_LANGUAGE_STANDARD = gnu99;
				GCC_DYNAMIC_NO_PIC = NO;
				GCC_NO_COMMON_BLOCKS = YES;
				GCC_OPTIMIZATION_LEVEL = 0;
				GCC_PREPROCESSOR_DEFINITIONS = (
					"DEBUG=1",
					"$(inherited)",
				);
				GCC_WARN_64_TO_32_BIT_CONVERSION = YES;
				GCC_WARN_ABOUT_RETURN_TYPE = YES_ERROR;
				GCC_WARN_UNDECLARED_SELECTOR = YES;
				GCC_WARN_UNINITIALIZED_AUTOS = YES_AGGRESSIVE;
				GCC_WARN_UNUSED_FUNCTION = YES;
				GCC_WARN_UNUSED_VARIABLE = YES;
				IPHONEOS_DEPLOYMENT_TARGET = 9.0;
				MTL_ENABLE_DEBUG_INFO = YES;
				ONLY_ACTIVE_ARCH = YES;
				SDKROOT = iphoneos;
				SWIFT_ACTIVE_COMPILATION_CONDITIONS = DEBUG;
				SWIFT_OPTIMIZATION_LEVEL = "-Onone";
				TARGETED_DEVICE_FAMILY = "1,2";
				VERSIONING_SYSTEM = "apple-generic";
				VERSION_INFO_PREFIX = "";
			};
			name = Debug;
		};
		BF9134E51E9CE8D4001F8A44 /* Release */ = {
			isa = XCBuildConfiguration;
			buildSettings = {
				ALWAYS_SEARCH_USER_PATHS = NO;
				CLANG_ANALYZER_NONNULL = YES;
				CLANG_ANALYZER_NUMBER_OBJECT_CONVERSION = YES_AGGRESSIVE;
				CLANG_CXX_LANGUAGE_STANDARD = "gnu++0x";
				CLANG_CXX_LIBRARY = "libc++";
				CLANG_ENABLE_MODULES = YES;
				CLANG_ENABLE_OBJC_ARC = YES;
				CLANG_WARN_BOOL_CONVERSION = YES;
				CLANG_WARN_CONSTANT_CONVERSION = YES;
				CLANG_WARN_DIRECT_OBJC_ISA_USAGE = YES_ERROR;
				CLANG_WARN_DOCUMENTATION_COMMENTS = YES;
				CLANG_WARN_EMPTY_BODY = YES;
				CLANG_WARN_ENUM_CONVERSION = YES;
				CLANG_WARN_INFINITE_RECURSION = YES;
				CLANG_WARN_INT_CONVERSION = YES;
				CLANG_WARN_OBJC_ROOT_CLASS = YES_ERROR;
				CLANG_WARN_SUSPICIOUS_MOVE = YES;
				CLANG_WARN_UNREACHABLE_CODE = YES;
				CLANG_WARN__DUPLICATE_METHOD_MATCH = YES;
				"CODE_SIGN_IDENTITY[sdk=iphoneos*]" = "iPhone Developer";
				COPY_PHASE_STRIP = NO;
				CURRENT_PROJECT_VERSION = 1;
				DEBUG_INFORMATION_FORMAT = "dwarf-with-dsym";
				ENABLE_NS_ASSERTIONS = NO;
				ENABLE_STRICT_OBJC_MSGSEND = YES;
				GCC_C_LANGUAGE_STANDARD = gnu99;
				GCC_NO_COMMON_BLOCKS = YES;
				GCC_WARN_64_TO_32_BIT_CONVERSION = YES;
				GCC_WARN_ABOUT_RETURN_TYPE = YES_ERROR;
				GCC_WARN_UNDECLARED_SELECTOR = YES;
				GCC_WARN_UNINITIALIZED_AUTOS = YES_AGGRESSIVE;
				GCC_WARN_UNUSED_FUNCTION = YES;
				GCC_WARN_UNUSED_VARIABLE = YES;
				IPHONEOS_DEPLOYMENT_TARGET = 9.0;
				MTL_ENABLE_DEBUG_INFO = NO;
				SDKROOT = iphoneos;
				SWIFT_OPTIMIZATION_LEVEL = "-Owholemodule";
				TARGETED_DEVICE_FAMILY = "1,2";
				VALIDATE_PRODUCT = YES;
				VERSIONING_SYSTEM = "apple-generic";
				VERSION_INFO_PREFIX = "";
			};
			name = Release;
		};
		BF9134E71E9CE8D4001F8A44 /* Debug */ = {
			isa = XCBuildConfiguration;
			buildSettings = {
				CLANG_ENABLE_MODULES = YES;
				"CODE_SIGN_IDENTITY[sdk=iphoneos*]" = "";
				DEFINES_MODULE = YES;
				DYLIB_COMPATIBILITY_VERSION = 1;
				DYLIB_CURRENT_VERSION = 1;
				DYLIB_INSTALL_NAME_BASE = "@rpath";
				INFOPLIST_FILE = "$(SRCROOT)/Sources/Info.plist";
				INSTALL_PATH = "$(LOCAL_LIBRARY_DIR)/Frameworks";
				LD_RUNPATH_SEARCH_PATHS = "$(inherited) @executable_path/Frameworks @loader_path/Frameworks";
				PRODUCT_BUNDLE_IDENTIFIER = "com.eje-c.MetalScope.ViewerProfile";
				PRODUCT_NAME = "$(TARGET_NAME)";
				PROVISIONING_PROFILE_SPECIFIER = "";
				SKIP_INSTALL = YES;
				SWIFT_OPTIMIZATION_LEVEL = "-Onone";
				SWIFT_VERSION = 3.0;
			};
			name = Debug;
		};
		BF9134E81E9CE8D4001F8A44 /* Release */ = {
			isa = XCBuildConfiguration;
			buildSettings = {
				CLANG_ENABLE_MODULES = YES;
				"CODE_SIGN_IDENTITY[sdk=iphoneos*]" = "";
				DEFINES_MODULE = YES;
				DYLIB_COMPATIBILITY_VERSION = 1;
				DYLIB_CURRENT_VERSION = 1;
				DYLIB_INSTALL_NAME_BASE = "@rpath";
				INFOPLIST_FILE = "$(SRCROOT)/Sources/Info.plist";
				INSTALL_PATH = "$(LOCAL_LIBRARY_DIR)/Frameworks";
				LD_RUNPATH_SEARCH_PATHS = "$(inherited) @executable_path/Frameworks @loader_path/Frameworks";
				PRODUCT_BUNDLE_IDENTIFIER = "com.eje-c.MetalScope.ViewerProfile";
				PRODUCT_NAME = "$(TARGET_NAME)";
				PROVISIONING_PROFILE_SPECIFIER = "";
				SKIP_INSTALL = YES;
				SWIFT_VERSION = 3.0;
			};
			name = Release;
		};
		BF9134EA1E9CE8D4001F8A44 /* Debug */ = {
			isa = XCBuildConfiguration;
			buildSettings = {
				ALWAYS_EMBED_SWIFT_STANDARD_LIBRARIES = YES;
				"CODE_SIGN_IDENTITY[sdk=iphoneos*]" = "iPhone Developer";
				INFOPLIST_FILE = Tests/Info.plist;
				LD_RUNPATH_SEARCH_PATHS = "$(inherited) @executable_path/Frameworks @loader_path/Frameworks";
				PRODUCT_BUNDLE_IDENTIFIER = "com.eje-c.MetalScope.ViewerProfileTests";
				PRODUCT_NAME = "$(TARGET_NAME)";
				PROVISIONING_PROFILE_SPECIFIER = "";
				SWIFT_VERSION = 3.0;
			};
			name = Debug;
		};
		BF9134EB1E9CE8D4001F8A44 /* Release */ = {
			isa = XCBuildConfiguration;
			buildSettings = {
				ALWAYS_EMBED_SWIFT_STANDARD_LIBRARIES = YES;
				"CODE_SIGN_IDENTITY[sdk=iphoneos*]" = "iPhone Developer";
				INFOPLIST_FILE = Tests/Info.plist;
				LD_RUNPATH_SEARCH_PATHS = "$(inherited) @executable_path/Frameworks @loader_path/Frameworks";
				PRODUCT_BUNDLE_IDENTIFIER = "com.eje-c.MetalScope.ViewerProfileTests";
				PRODUCT_NAME = "$(TARGET_NAME)";
				PROVISIONING_PROFILE_SPECIFIER = "";
				SWIFT_VERSION = 3.0;
			};
			name = Release;
		};
/* End XCBuildConfiguration section */

/* Begin XCConfigurationList section */
		BF9134CC1E9CE8D4001F8A44 /* Build configuration list for PBXProject "MetalScopeViewerProfile" */ = {
			isa = XCConfigurationList;
			buildConfigurations = (
				BF9134E41E9CE8D4001F8A44 /* Debug */,
				BF9134E51E9CE8D4001F8A44 /* Release */,
			);
			defaultConfigurationIsVisible = 0;
			defaultConfigurationName = Release;
		};
		BF9134E61E9CE8D4001F8A44 /* Build configuration list for PBXNativeTarget "MetalScopeViewerProfile" */ = {
			isa = XCConfigurationList;
			buildConfigurations = (
				BF9134E71E9CE8D4001F8A44 /* Debug */,
				BF9134E81E9CE8D4001F8A44 /* Release */,
			);
			defaultConfigurationIsVisible = 0;
			defaultConfigurationName = Release;
		};
		BF9134E91E9CE8D4001F8A44 /* Build configuration list for PBXNativeTarget "MetalScopeViewerProfileTests" */ = {
			isa = XCConfigurationList;
			buildConfigurations = (
				BF9134EA1E9CE8D4001F8A44 /* Debug */,
				BF9134EB1E9CE8D4001F8A44 /* Release */,
			);
			defaultConfigurationIsVisible = 0;
			defaultConfigurationName = Release;
		};
/* End XCConfigurationList section */
	};
	rootObject = BF9134C91E9CE8D4001F8A44 /* Project object */;
}
